
Microsoft Visual Studio Solution File, Format Version 12.00
# Visual Studio Version 17
VisualStudioVersion = 17.4.33213.308
MinimumVisualStudioVersion = 10.0.40219.1
Project("{FAE04EC0-301F-11D3-BF4B-00C04F79EFBC}") = "AccountClass", "AccountClass\AccountClass.csproj", "{1F477B6D-5BA1-4268-AA62-5B1427139972}"
EndProject
Project("{FAE04EC0-301F-11D3-BF4B-00C04F79EFBC}") = "AccountConsoleApp", "AccountConsoleApp\AccountConsoleApp.csproj", "{DF687FD4-9589-4ABD-A9FB-3F212AC9AA11}"
EndProject
Global
	GlobalSection(SolutionConfigurationPlatforms) = preSolution
		Debug|Any CPU = Debug|Any CPU
		Release|Any CPU = Release|Any CPU
	EndGlobalSection
	GlobalSection(ProjectConfigurationPlatforms) = postSolution
		{1F477B6D-5BA1-4268-AA62-5B1427139972}.Debug|Any CPU.ActiveCfg = Debug|Any CPU
		{1F477B6D-5BA1-4268-AA62-5B1427139972}.Debug|Any CPU.Build.0 = Debug|Any CPU
		{1F477B6D-5BA1-4268-AA62-5B1427139972}.Release|Any CPU.ActiveCfg = Release|Any CPU
		{1F477B6D-5BA1-4268-AA62-5B1427139972}.Release|Any CPU.Build.0 = Release|Any CPU
		{DF687FD4-9589-4ABD-A9FB-3F212AC9AA11}.Debug|Any CPU.ActiveCfg = Debug|Any CPU
		{DF687FD4-9589-4ABD-A9FB-3F212AC9AA11}.Debug|Any CPU.Build.0 = Debug|Any CPU
		{DF687FD4-9589-4ABD-A9FB-3F212AC9AA11}.Release|Any CPU.ActiveCfg = Release|Any CPU
		{DF687FD4-9589-4ABD-A9FB-3F212AC9AA11}.Release|Any CPU.Build.0 = Release|Any CPU
	EndGlobalSection
	GlobalSection(SolutionProperties) = preSolution
		HideSolutionNode = FALSE
	EndGlobalSection
	GlobalSection(ExtensibilityGlobals) = postSolution
		SolutionGuid = {161DFAC6-606C-40C5-94EE-273A4098EA05}
	EndGlobalSection
EndGlobal
