
Microsoft Visual Studio Solution File, Format Version 12.00
# Visual Studio Version 17
VisualStudioVersion = 17.4.33213.308
MinimumVisualStudioVersion = 10.0.40219.1
Project("{FAE04EC0-301F-11D3-BF4B-00C04F79EFBC}") = "CirclePropertiesApp", "CirclePropertiesApp\CirclePropertiesApp.csproj", "{79D094C0-75AE-4517-B4A8-F1F1699D0C4D}"
EndProject
Global
	GlobalSection(SolutionConfigurationPlatforms) = preSolution
		Debug|Any CPU = Debug|Any CPU
		Release|Any CPU = Release|Any CPU
	EndGlobalSection
	GlobalSection(ProjectConfigurationPlatforms) = postSolution
		{79D094C0-75AE-4517-B4A8-F1F1699D0C4D}.Debug|Any CPU.ActiveCfg = Debug|Any CPU
		{79D094C0-75AE-4517-B4A8-F1F1699D0C4D}.Debug|Any CPU.Build.0 = Debug|Any CPU
		{79D094C0-75AE-4517-B4A8-F1F1699D0C4D}.Release|Any CPU.ActiveCfg = Release|Any CPU
		{79D094C0-75AE-4517-B4A8-F1F1699D0C4D}.Release|Any CPU.Build.0 = Release|Any CPU
	EndGlobalSection
	GlobalSection(SolutionProperties) = preSolution
		HideSolutionNode = FALSE
	EndGlobalSection
	GlobalSection(ExtensibilityGlobals) = postSolution
		SolutionGuid = {CA0CF44D-13DE-4BD1-AB44-EC6125632F34}
	EndGlobalSection
EndGlobal
