
Microsoft Visual Studio Solution File, Format Version 12.00
# Visual Studio Version 17
VisualStudioVersion = 17.4.33213.308
MinimumVisualStudioVersion = 10.0.40219.1
Project("{FAE04EC0-301F-11D3-BF4B-00C04F79EFBC}") = "AccountApp", "AccountApp\AccountApp.csproj", "{3A882D0E-968F-40D2-A38F-2F167DBE864F}"
EndProject
Global
	GlobalSection(SolutionConfigurationPlatforms) = preSolution
		Debug|Any CPU = Debug|Any CPU
		Release|Any CPU = Release|Any CPU
	EndGlobalSection
	GlobalSection(ProjectConfigurationPlatforms) = postSolution
		{3A882D0E-968F-40D2-A38F-2F167DBE864F}.Debug|Any CPU.ActiveCfg = Debug|Any CPU
		{3A882D0E-968F-40D2-A38F-2F167DBE864F}.Debug|Any CPU.Build.0 = Debug|Any CPU
		{3A882D0E-968F-40D2-A38F-2F167DBE864F}.Release|Any CPU.ActiveCfg = Release|Any CPU
		{3A882D0E-968F-40D2-A38F-2F167DBE864F}.Release|Any CPU.Build.0 = Release|Any CPU
	EndGlobalSection
	GlobalSection(SolutionProperties) = preSolution
		HideSolutionNode = FALSE
	EndGlobalSection
	GlobalSection(ExtensibilityGlobals) = postSolution
		SolutionGuid = {5AEF86F6-C9BE-4C61-BB60-E2D20591D3E3}
	EndGlobalSection
EndGlobal
