
Microsoft Visual Studio Solution File, Format Version 12.00
# Visual Studio Version 17
VisualStudioVersion = 17.4.33213.308
MinimumVisualStudioVersion = 10.0.40219.1
Project("{FAE04EC0-301F-11D3-BF4B-00C04F79EFBC}") = "Welcome", "ConsoleApp1\Welcome.csproj", "{D0C26D55-83BC-420F-9D0D-4BB45EA04301}"
EndProject
Global
	GlobalSection(SolutionConfigurationPlatforms) = preSolution
		Debug|Any CPU = Debug|Any CPU
		Release|Any CPU = Release|Any CPU
	EndGlobalSection
	GlobalSection(ProjectConfigurationPlatforms) = postSolution
		{D0C26D55-83BC-420F-9D0D-4BB45EA04301}.Debug|Any CPU.ActiveCfg = Debug|Any CPU
		{D0C26D55-83BC-420F-9D0D-4BB45EA04301}.Debug|Any CPU.Build.0 = Debug|Any CPU
		{D0C26D55-83BC-420F-9D0D-4BB45EA04301}.Release|Any CPU.ActiveCfg = Release|Any CPU
		{D0C26D55-83BC-420F-9D0D-4BB45EA04301}.Release|Any CPU.Build.0 = Release|Any CPU
	EndGlobalSection
	GlobalSection(SolutionProperties) = preSolution
		HideSolutionNode = FALSE
	EndGlobalSection
	GlobalSection(ExtensibilityGlobals) = postSolution
		SolutionGuid = {1EC405B5-94F4-477C-96AD-7A064B58BA78}
	EndGlobalSection
EndGlobal
