
Microsoft Visual Studio Solution File, Format Version 12.00
# Visual Studio Version 17
VisualStudioVersion = 17.4.33213.308
MinimumVisualStudioVersion = 10.0.40219.1
Project("{9A19103F-16F7-4668-BE54-9A1E7A4F7556}") = "NumberGuessApp", "ConsoleApp2\NumberGuessApp.csproj", "{B1257BEC-9F6F-4A79-80C5-F5B936986209}"
EndProject
Global
	GlobalSection(SolutionConfigurationPlatforms) = preSolution
		Debug|Any CPU = Debug|Any CPU
		Release|Any CPU = Release|Any CPU
	EndGlobalSection
	GlobalSection(ProjectConfigurationPlatforms) = postSolution
		{B1257BEC-9F6F-4A79-80C5-F5B936986209}.Debug|Any CPU.ActiveCfg = Debug|Any CPU
		{B1257BEC-9F6F-4A79-80C5-F5B936986209}.Debug|Any CPU.Build.0 = Debug|Any CPU
		{B1257BEC-9F6F-4A79-80C5-F5B936986209}.Release|Any CPU.ActiveCfg = Release|Any CPU
		{B1257BEC-9F6F-4A79-80C5-F5B936986209}.Release|Any CPU.Build.0 = Release|Any CPU
	EndGlobalSection
	GlobalSection(SolutionProperties) = preSolution
		HideSolutionNode = FALSE
	EndGlobalSection
	GlobalSection(ExtensibilityGlobals) = postSolution
		SolutionGuid = {C5717E50-7711-41E1-A504-2C21836A9EF4}
	EndGlobalSection
EndGlobal
