
Microsoft Visual Studio Solution File, Format Version 12.00
# Visual Studio Version 17
VisualStudioVersion = 17.4.33213.308
MinimumVisualStudioVersion = 10.0.40219.1
Project("{FAE04EC0-301F-11D3-BF4B-00C04F79EFBC}") = "PlayerApp", "PlayerApp\PlayerApp.csproj", "{189B1247-DFE3-4686-B19C-FD3665E8A256}"
EndProject
Global
	GlobalSection(SolutionConfigurationPlatforms) = preSolution
		Debug|Any CPU = Debug|Any CPU
		Release|Any CPU = Release|Any CPU
	EndGlobalSection
	GlobalSection(ProjectConfigurationPlatforms) = postSolution
		{189B1247-DFE3-4686-B19C-FD3665E8A256}.Debug|Any CPU.ActiveCfg = Debug|Any CPU
		{189B1247-DFE3-4686-B19C-FD3665E8A256}.Debug|Any CPU.Build.0 = Debug|Any CPU
		{189B1247-DFE3-4686-B19C-FD3665E8A256}.Release|Any CPU.ActiveCfg = Release|Any CPU
		{189B1247-DFE3-4686-B19C-FD3665E8A256}.Release|Any CPU.Build.0 = Release|Any CPU
	EndGlobalSection
	GlobalSection(SolutionProperties) = preSolution
		HideSolutionNode = FALSE
	EndGlobalSection
	GlobalSection(ExtensibilityGlobals) = postSolution
		SolutionGuid = {CE171B4A-3E6B-41DE-8810-ACEF6A214853}
	EndGlobalSection
EndGlobal
